
Microsoft Visual Studio Solution File, Format Version 12.00
# Visual Studio Version 17
VisualStudioVersion = 17.9.34622.214
MinimumVisualStudioVersion = 10.0.40219.1
Project("{FAE04EC0-301F-11D3-BF4B-00C04F79EFBC}") = "Server", "Server\Server.csproj", "{FCFE9D8A-8EE3-455F-AD67-90C9A60409AD}"
EndProject
Global
	GlobalSection(SolutionConfigurationPlatforms) = preSolution
		Debug|Any CPU = Debug|Any CPU
		Release|Any CPU = Release|Any CPU
	EndGlobalSection
	GlobalSection(ProjectConfigurationPlatforms) = postSolution
		{FCFE9D8A-8EE3-455F-AD67-90C9A60409AD}.Debug|Any CPU.ActiveCfg = Debug|Any CPU
		{FCFE9D8A-8EE3-455F-AD67-90C9A60409AD}.Debug|Any CPU.Build.0 = Debug|Any CPU
		{FCFE9D8A-8EE3-455F-AD67-90C9A60409AD}.Release|Any CPU.ActiveCfg = Release|Any CPU
		{FCFE9D8A-8EE3-455F-AD67-90C9A60409AD}.Release|Any CPU.Build.0 = Release|Any CPU
	EndGlobalSection
	GlobalSection(SolutionProperties) = preSolution
		HideSolutionNode = FALSE
	EndGlobalSection
	GlobalSection(ExtensibilityGlobals) = postSolution
		SolutionGuid = {59066AAE-114D-4EE8-9DF5-EF1044E5920E}
	EndGlobalSection
EndGlobal
